// !$*UTF8*$!
{
	archiveVersion = 1;
	classes = {
	};
	objectVersion = 46;
	objects = {

/* Begin PBXBuildFile section */
		8D4CF56420FC50110049CC29 /* AppDelegate.swift in Sources */ = {isa = PBXBuildFile; fileRef = 8D4CF56320FC50110049CC29 /* AppDelegate.swift */; };
		8D4CF56620FC50110049CC29 /* ViewController.swift in Sources */ = {isa = PBXBuildFile; fileRef = 8D4CF56520FC50110049CC29 /* ViewController.swift */; };
		8D4CF56920FC50110049CC29 /* Main.storyboard in Resources */ = {isa = PBXBuildFile; fileRef = 8D4CF56720FC50110049CC29 /* Main.storyboard */; };
		8D4CF56B20FC50110049CC29 /* Assets.xcassets in Resources */ = {isa = PBXBuildFile; fileRef = 8D4CF56A20FC50110049CC29 /* Assets.xcassets */; };
		8D4CF56E20FC50110049CC29 /* LaunchScreen.storyboard in Resources */ = {isa = PBXBuildFile; fileRef = 8D4CF56C20FC50110049CC29 /* LaunchScreen.storyboard */; };
		8D4CF57920FC50110049CC29 /* meaTurnTests.swift in Sources */ = {isa = PBXBuildFile; fileRef = 8D4CF57820FC50110049CC29 /* meaTurnTests.swift */; };
		8D4CF58420FC50110049CC29 /* meaTurnUITests.swift in Sources */ = {isa = PBXBuildFile; fileRef = 8D4CF58320FC50110049CC29 /* meaTurnUITests.swift */; };
		8D4EAFB120FDEB50000FED23 /* click.mp3 in Resources */ = {isa = PBXBuildFile; fileRef = 8D4EAFB020FDEB50000FED23 /* click.mp3 */; };
		8D4EB0DB20FE105F000FED23 /* Toast.swift in Sources */ = {isa = PBXBuildFile; fileRef = 8D4EB0DA20FE105F000FED23 /* Toast.swift */; };
		8D6DC6C72105964000179909 /* icon1.png in Resources */ = {isa = PBXBuildFile; fileRef = 8D6DC66A2105964000179909 /* icon1.png */; };
		8D6DC6C82105964000179909 /* icon10.png in Resources */ = {isa = PBXBuildFile; fileRef = 8D6DC66B2105964000179909 /* icon10.png */; };
		8D6DC6C92105964000179909 /* icon11.png in Resources */ = {isa = PBXBuildFile; fileRef = 8D6DC66C2105964000179909 /* icon11.png */; };
		8D6DC6CA2105964000179909 /* icon12.png in Resources */ = {isa = PBXBuildFile; fileRef = 8D6DC66D2105964000179909 /* icon12.png */; };
		8D6DC6CB2105964000179909 /* icon13.png in Resources */ = {isa = PBXBuildFile; fileRef = 8D6DC66E2105964000179909 /* icon13.png */; };
		8D6DC6CC2105964000179909 /* icon14.png in Resources */ = {isa = PBXBuildFile; fileRef = 8D6DC66F2105964000179909 /* icon14.png */; };
		8D6DC6CD2105964000179909 /* icon15.png in Resources */ = {isa = PBXBuildFile; fileRef = 8D6DC6702105964000179909 /* icon15.png */; };
		8D6DC6CE2105964000179909 /* icon16.png in Resources */ = {isa = PBXBuildFile; fileRef = 8D6DC6712105964000179909 /* icon16.png */; };
		8D6DC6CF2105964000179909 /* icon17.png in Resources */ = {isa = PBXBuildFile; fileRef = 8D6DC6722105964000179909 /* icon17.png */; };
		8D6DC6D02105964000179909 /* icon18.png in Resources */ = {isa = PBXBuildFile; fileRef = 8D6DC6732105964000179909 /* icon18.png */; };
		8D6DC6D12105964000179909 /* icon19.png in Resources */ = {isa = PBXBuildFile; fileRef = 8D6DC6742105964000179909 /* icon19.png */; };
		8D6DC6D22105964000179909 /* icon2.png in Resources */ = {isa = PBXBuildFile; fileRef = 8D6DC6752105964000179909 /* icon2.png */; };
		8D6DC6D32105964000179909 /* icon20.png in Resources */ = {isa = PBXBuildFile; fileRef = 8D6DC6762105964000179909 /* icon20.png */; };
		8D6DC6D42105964000179909 /* icon21.png in Resources */ = {isa = PBXBuildFile; fileRef = 8D6DC6772105964000179909 /* icon21.png */; };
		8D6DC6D52105964000179909 /* icon22.png in Resources */ = {isa = PBXBuildFile; fileRef = 8D6DC6782105964000179909 /* icon22.png */; };
		8D6DC6D62105964000179909 /* icon23.png in Resources */ = {isa = PBXBuildFile; fileRef = 8D6DC6792105964000179909 /* icon23.png */; };
		8D6DC6D72105964000179909 /* icon24.png in Resources */ = {isa = PBXBuildFile; fileRef = 8D6DC67A2105964000179909 /* icon24.png */; };
		8D6DC6D82105964000179909 /* icon25.png in Resources */ = {isa = PBXBuildFile; fileRef = 8D6DC67B2105964000179909 /* icon25.png */; };
		8D6DC6D92105964000179909 /* icon26.png in Resources */ = {isa = PBXBuildFile; fileRef = 8D6DC67C2105964000179909 /* icon26.png */; };
		8D6DC6DA2105964000179909 /* icon27.png in Resources */ = {isa = PBXBuildFile; fileRef = 8D6DC67D2105964000179909 /* icon27.png */; };
		8D6DC6DB2105964000179909 /* icon3.png in Resources */ = {isa = PBXBuildFile; fileRef = 8D6DC67E2105964000179909 /* icon3.png */; };
		8D6DC6DC2105964000179909 /* icon4.png in Resources */ = {isa = PBXBuildFile; fileRef = 8D6DC67F2105964000179909 /* icon4.png */; };
		8D6DC6DD2105964000179909 /* icon5.png in Resources */ = {isa = PBXBuildFile; fileRef = 8D6DC6802105964000179909 /* icon5.png */; };
		8D6DC6DE2105964000179909 /* icon6.png in Resources */ = {isa = PBXBuildFile; fileRef = 8D6DC6812105964000179909 /* icon6.png */; };
		8D6DC6DF2105964000179909 /* icon7.png in Resources */ = {isa = PBXBuildFile; fileRef = 8D6DC6822105964000179909 /* icon7.png */; };
		8D6DC6E02105964000179909 /* icon8.png in Resources */ = {isa = PBXBuildFile; fileRef = 8D6DC6832105964000179909 /* icon8.png */; };
		8D6DC6E12105964000179909 /* icon9.png in Resources */ = {isa = PBXBuildFile; fileRef = 8D6DC6842105964000179909 /* icon9.png */; };
		8D6DC6E22105964000179909 /* icon28.png in Resources */ = {isa = PBXBuildFile; fileRef = 8D6DC6862105964000179909 /* icon28.png */; };
		8D6DC6E32105964000179909 /* icon29.png in Resources */ = {isa = PBXBuildFile; fileRef = 8D6DC6872105964000179909 /* icon29.png */; };
		8D6DC6E42105964000179909 /* icon30.png in Resources */ = {isa = PBXBuildFile; fileRef = 8D6DC6882105964000179909 /* icon30.png */; };
		8D6DC6E52105964000179909 /* icon31.png in Resources */ = {isa = PBXBuildFile; fileRef = 8D6DC6892105964000179909 /* icon31.png */; };
		8D6DC6E62105964000179909 /* icon32.png in Resources */ = {isa = PBXBuildFile; fileRef = 8D6DC68A2105964000179909 /* icon32.png */; };
		8D6DC6E72105964000179909 /* icon33.png in Resources */ = {isa = PBXBuildFile; fileRef = 8D6DC68C2105964000179909 /* icon33.png */; };
		8D6DC6E82105964000179909 /* icon34.png in Resources */ = {isa = PBXBuildFile; fileRef = 8D6DC68D2105964000179909 /* icon34.png */; };
		8D6DC6E92105964000179909 /* icon35.png in Resources */ = {isa = PBXBuildFile; fileRef = 8D6DC68E2105964000179909 /* icon35.png */; };
		8D6DC6EA2105964000179909 /* icon36.png in Resources */ = {isa = PBXBuildFile; fileRef = 8D6DC68F2105964000179909 /* icon36.png */; };
		8D6DC6EB2105964000179909 /* icon37.png in Resources */ = {isa = PBXBuildFile; fileRef = 8D6DC6902105964000179909 /* icon37.png */; };
		8D6DC6EC2105964000179909 /* icon38.png in Resources */ = {isa = PBXBuildFile; fileRef = 8D6DC6912105964000179909 /* icon38.png */; };
		8D6DC6ED2105964000179909 /* icon39.png in Resources */ = {isa = PBXBuildFile; fileRef = 8D6DC6922105964000179909 /* icon39.png */; };
		8D6DC6EE2105964000179909 /* icon40.png in Resources */ = {isa = PBXBuildFile; fileRef = 8D6DC6932105964000179909 /* icon40.png */; };
		8D6DC6EF2105964000179909 /* icon41.png in Resources */ = {isa = PBXBuildFile; fileRef = 8D6DC6942105964000179909 /* icon41.png */; };
		8D6DC6F02105964000179909 /* dott.png in Resources */ = {isa = PBXBuildFile; fileRef = 8D6DC6952105964000179909 /* dott.png */; };
		8D6DC6F12105964000179909 /* icon42.png in Resources */ = {isa = PBXBuildFile; fileRef = 8D6DC6972105964000179909 /* icon42.png */; };
		8D6DC6F22105964000179909 /* icon43.png in Resources */ = {isa = PBXBuildFile; fileRef = 8D6DC6982105964000179909 /* icon43.png */; };
		8D6DC6F32105964000179909 /* icon44.png in Resources */ = {isa = PBXBuildFile; fileRef = 8D6DC6992105964000179909 /* icon44.png */; };
		8D6DC6F42105964000179909 /* icon45.png in Resources */ = {isa = PBXBuildFile; fileRef = 8D6DC69A2105964000179909 /* icon45.png */; };
		8D6DC6F52105964000179909 /* icon46.png in Resources */ = {isa = PBXBuildFile; fileRef = 8D6DC69B2105964000179909 /* icon46.png */; };
		8D6DC6F62105964000179909 /* icon47.png in Resources */ = {isa = PBXBuildFile; fileRef = 8D6DC69C2105964000179909 /* icon47.png */; };
		8D6DC6F72105964000179909 /* icon48.png in Resources */ = {isa = PBXBuildFile; fileRef = 8D6DC69D2105964000179909 /* icon48.png */; };
		8D6DC6F82105964000179909 /* icon49.png in Resources */ = {isa = PBXBuildFile; fileRef = 8D6DC69E2105964000179909 /* icon49.png */; };
		8D6DC6F92105964000179909 /* icon50.png in Resources */ = {isa = PBXBuildFile; fileRef = 8D6DC69F2105964000179909 /* icon50.png */; };
		8D6DC6FA2105964000179909 /* icon51.png in Resources */ = {isa = PBXBuildFile; fileRef = 8D6DC6A02105964000179909 /* icon51.png */; };
		8D6DC6FB2105964000179909 /* icon52.png in Resources */ = {isa = PBXBuildFile; fileRef = 8D6DC6A12105964000179909 /* icon52.png */; };
		8D6DC6FC2105964000179909 /* icon53.png in Resources */ = {isa = PBXBuildFile; fileRef = 8D6DC6A22105964000179909 /* icon53.png */; };
		8D6DC6FD2105964000179909 /* icon54.png in Resources */ = {isa = PBXBuildFile; fileRef = 8D6DC6A32105964000179909 /* icon54.png */; };
		8D6DC6FE2105964000179909 /* icon55.png in Resources */ = {isa = PBXBuildFile; fileRef = 8D6DC6A42105964000179909 /* icon55.png */; };
		8D6DC6FF2105964000179909 /* icon56.png in Resources */ = {isa = PBXBuildFile; fileRef = 8D6DC6A52105964000179909 /* icon56.png */; };
		8D6DC7002105964000179909 /* icon57.png in Resources */ = {isa = PBXBuildFile; fileRef = 8D6DC6A62105964000179909 /* icon57.png */; };
		8D6DC7012105964000179909 /* icon58.png in Resources */ = {isa = PBXBuildFile; fileRef = 8D6DC6A82105964000179909 /* icon58.png */; };
		8D6DC7022105964000179909 /* icon59.png in Resources */ = {isa = PBXBuildFile; fileRef = 8D6DC6A92105964000179909 /* icon59.png */; };
		8D6DC7032105964000179909 /* icon60.png in Resources */ = {isa = PBXBuildFile; fileRef = 8D6DC6AA2105964000179909 /* icon60.png */; };
		8D6DC7042105964000179909 /* icon61.png in Resources */ = {isa = PBXBuildFile; fileRef = 8D6DC6AB2105964000179909 /* icon61.png */; };
		8D6DC7052105964000179909 /* icon62.png in Resources */ = {isa = PBXBuildFile; fileRef = 8D6DC6AC2105964000179909 /* icon62.png */; };
		8D6DC7062105964000179909 /* icon63.png in Resources */ = {isa = PBXBuildFile; fileRef = 8D6DC6AD2105964000179909 /* icon63.png */; };
		8D6DC7072105964000179909 /* icon64.png in Resources */ = {isa = PBXBuildFile; fileRef = 8D6DC6AE2105964000179909 /* icon64.png */; };
		8D6DC7082105964000179909 /* icon65.png in Resources */ = {isa = PBXBuildFile; fileRef = 8D6DC6AF2105964000179909 /* icon65.png */; };
		8D6DC7092105964000179909 /* icon66.png in Resources */ = {isa = PBXBuildFile; fileRef = 8D6DC6B02105964000179909 /* icon66.png */; };
		8D6DC70A2105964000179909 /* icon67.png in Resources */ = {isa = PBXBuildFile; fileRef = 8D6DC6B12105964000179909 /* icon67.png */; };
		8D6DC70B2105964000179909 /* icon68.png in Resources */ = {isa = PBXBuildFile; fileRef = 8D6DC6B22105964000179909 /* icon68.png */; };
		8D6DC70C2105964000179909 /* icon69.png in Resources */ = {isa = PBXBuildFile; fileRef = 8D6DC6B32105964000179909 /* icon69.png */; };
		8D6DC70D2105964000179909 /* icon70.png in Resources */ = {isa = PBXBuildFile; fileRef = 8D6DC6B42105964000179909 /* icon70.png */; };
		8D6DC70E2105964000179909 /* icon71.png in Resources */ = {isa = PBXBuildFile; fileRef = 8D6DC6B52105964000179909 /* icon71.png */; };
		8D6DC70F2105964000179909 /* icon72.png in Resources */ = {isa = PBXBuildFile; fileRef = 8D6DC6B62105964000179909 /* icon72.png */; };
		8D6DC7102105964000179909 /* icon73.png in Resources */ = {isa = PBXBuildFile; fileRef = 8D6DC6B72105964000179909 /* icon73.png */; };
		8D6DC7112105964000179909 /* icon74.png in Resources */ = {isa = PBXBuildFile; fileRef = 8D6DC6B82105964000179909 /* icon74.png */; };
		8D6DC7122105964000179909 /* icon75.png in Resources */ = {isa = PBXBuildFile; fileRef = 8D6DC6B92105964000179909 /* icon75.png */; };
		8D6DC7132105964000179909 /* icon76.png in Resources */ = {isa = PBXBuildFile; fileRef = 8D6DC6BA2105964000179909 /* icon76.png */; };
		8D6DC7142105964000179909 /* icon77.png in Resources */ = {isa = PBXBuildFile; fileRef = 8D6DC6BB2105964000179909 /* icon77.png */; };
		8D6DC7152105964000179909 /* icon78.png in Resources */ = {isa = PBXBuildFile; fileRef = 8D6DC6BD2105964000179909 /* icon78.png */; };
		8D6DC7162105964000179909 /* icon79.png in Resources */ = {isa = PBXBuildFile; fileRef = 8D6DC6BE2105964000179909 /* icon79.png */; };
		8D6DC7172105964000179909 /* icon80.png in Resources */ = {isa = PBXBuildFile; fileRef = 8D6DC6BF2105964000179909 /* icon80.png */; };
		8D6DC7182105964000179909 /* icon81.png in Resources */ = {isa = PBXBuildFile; fileRef = 8D6DC6C02105964000179909 /* icon81.png */; };
		8D6DC7192105964000179909 /* icon82.png in Resources */ = {isa = PBXBuildFile; fileRef = 8D6DC6C12105964000179909 /* icon82.png */; };
		8D6DC71A2105964000179909 /* icon83.png in Resources */ = {isa = PBXBuildFile; fileRef = 8D6DC6C22105964000179909 /* icon83.png */; };
		8D6DC71B2105964000179909 /* icon84.png in Resources */ = {isa = PBXBuildFile; fileRef = 8D6DC6C32105964000179909 /* icon84.png */; };
		8D6DC71C2105964000179909 /* icon85.png in Resources */ = {isa = PBXBuildFile; fileRef = 8D6DC6C42105964000179909 /* icon85.png */; };
		8D6DC71D2105964000179909 /* icon86.png in Resources */ = {isa = PBXBuildFile; fileRef = 8D6DC6C52105964000179909 /* icon86.png */; };
		8D6DC71E2105964000179909 /* icon87.png in Resources */ = {isa = PBXBuildFile; fileRef = 8D6DC6C62105964000179909 /* icon87.png */; };
/* End PBXBuildFile section */

/* Begin PBXContainerItemProxy section */
		8D4CF57520FC50110049CC29 /* PBXContainerItemProxy */ = {
			isa = PBXContainerItemProxy;
			containerPortal = 8D4CF55820FC50100049CC29 /* Project object */;
			proxyType = 1;
			remoteGlobalIDString = 8D4CF55F20FC50100049CC29;
			remoteInfo = meaTurn;
		};
		8D4CF58020FC50110049CC29 /* PBXContainerItemProxy */ = {
			isa = PBXContainerItemProxy;
			containerPortal = 8D4CF55820FC50100049CC29 /* Project object */;
			proxyType = 1;
			remoteGlobalIDString = 8D4CF55F20FC50100049CC29;
			remoteInfo = meaTurn;
		};
/* End PBXContainerItemProxy section */

/* Begin PBXFileReference section */
		8D4CF56020FC50110049CC29 /* meaTurn.app */ = {isa = PBXFileReference; explicitFileType = wrapper.application; includeInIndex = 0; path = meaTurn.app; sourceTree = BUILT_PRODUCTS_DIR; };
		8D4CF56320FC50110049CC29 /* AppDelegate.swift */ = {isa = PBXFileReference; lastKnownFileType = sourcecode.swift; path = AppDelegate.swift; sourceTree = "<group>"; };
		8D4CF56520FC50110049CC29 /* ViewController.swift */ = {isa = PBXFileReference; lastKnownFileType = sourcecode.swift; path = ViewController.swift; sourceTree = "<group>"; };
		8D4CF56820FC50110049CC29 /* Base */ = {isa = PBXFileReference; lastKnownFileType = file.storyboard; name = Base; path = Base.lproj/Main.storyboard; sourceTree = "<group>"; };
		8D4CF56A20FC50110049CC29 /* Assets.xcassets */ = {isa = PBXFileReference; lastKnownFileType = folder.assetcatalog; path = Assets.xcassets; sourceTree = "<group>"; };
		8D4CF56D20FC50110049CC29 /* Base */ = {isa = PBXFileReference; lastKnownFileType = file.storyboard; name = Base; path = Base.lproj/LaunchScreen.storyboard; sourceTree = "<group>"; };
		8D4CF56F20FC50110049CC29 /* Info.plist */ = {isa = PBXFileReference; lastKnownFileType = text.plist.xml; path = Info.plist; sourceTree = "<group>"; };
		8D4CF57420FC50110049CC29 /* meaTurnTests.xctest */ = {isa = PBXFileReference; explicitFileType = wrapper.cfbundle; includeInIndex = 0; path = meaTurnTests.xctest; sourceTree = BUILT_PRODUCTS_DIR; };
		8D4CF57820FC50110049CC29 /* meaTurnTests.swift */ = {isa = PBXFileReference; lastKnownFileType = sourcecode.swift; path = meaTurnTests.swift; sourceTree = "<group>"; };
		8D4CF57A20FC50110049CC29 /* Info.plist */ = {isa = PBXFileReference; lastKnownFileType = text.plist.xml; path = Info.plist; sourceTree = "<group>"; };
		8D4CF57F20FC50110049CC29 /* meaTurnUITests.xctest */ = {isa = PBXFileReference; explicitFileType = wrapper.cfbundle; includeInIndex = 0; path = meaTurnUITests.xctest; sourceTree = BUILT_PRODUCTS_DIR; };
		8D4CF58320FC50110049CC29 /* meaTurnUITests.swift */ = {isa = PBXFileReference; lastKnownFileType = sourcecode.swift; path = meaTurnUITests.swift; sourceTree = "<group>"; };
		8D4CF58520FC50110049CC29 /* Info.plist */ = {isa = PBXFileReference; lastKnownFileType = text.plist.xml; path = Info.plist; sourceTree = "<group>"; };
		8D4EAFB020FDEB50000FED23 /* click.mp3 */ = {isa = PBXFileReference; lastKnownFileType = audio.mp3; path = click.mp3; sourceTree = "<group>"; };
		8D4EB0DA20FE105F000FED23 /* Toast.swift */ = {isa = PBXFileReference; fileEncoding = 4; lastKnownFileType = sourcecode.swift; path = Toast.swift; sourceTree = "<group>"; };
		8D6DC66A2105964000179909 /* icon1.png */ = {isa = PBXFileReference; lastKnownFileType = image.png; path = icon1.png; sourceTree = "<group>"; };
		8D6DC66B2105964000179909 /* icon10.png */ = {isa = PBXFileReference; lastKnownFileType = image.png; path = icon10.png; sourceTree = "<group>"; };
		8D6DC66C2105964000179909 /* icon11.png */ = {isa = PBXFileReference; lastKnownFileType = image.png; path = icon11.png; sourceTree = "<group>"; };
		8D6DC66D2105964000179909 /* icon12.png */ = {isa = PBXFileReference; lastKnownFileType = image.png; path = icon12.png; sourceTree = "<group>"; };
		8D6DC66E2105964000179909 /* icon13.png */ = {isa = PBXFileReference; lastKnownFileType = image.png; path = icon13.png; sourceTree = "<group>"; };
		8D6DC66F2105964000179909 /* icon14.png */ = {isa = PBXFileReference; lastKnownFileType = image.png; path = icon14.png; sourceTree = "<group>"; };
		8D6DC6702105964000179909 /* icon15.png */ = {isa = PBXFileReference; lastKnownFileType = image.png; path = icon15.png; sourceTree = "<group>"; };
		8D6DC6712105964000179909 /* icon16.png */ = {isa = PBXFileReference; lastKnownFileType = image.png; path = icon16.png; sourceTree = "<group>"; };
		8D6DC6722105964000179909 /* icon17.png */ = {isa = PBXFileReference; lastKnownFileType = image.png; path = icon17.png; sourceTree = "<group>"; };
		8D6DC6732105964000179909 /* icon18.png */ = {isa = PBXFileReference; lastKnownFileType = image.png; path = icon18.png; sourceTree = "<group>"; };
		8D6DC6742105964000179909 /* icon19.png */ = {isa = PBXFileReference; lastKnownFileType = image.png; path = icon19.png; sourceTree = "<group>"; };
		8D6DC6752105964000179909 /* icon2.png */ = {isa = PBXFileReference; lastKnownFileType = image.png; path = icon2.png; sourceTree = "<group>"; };
		8D6DC6762105964000179909 /* icon20.png */ = {isa = PBXFileReference; lastKnownFileType = image.png; path = icon20.png; sourceTree = "<group>"; };
		8D6DC6772105964000179909 /* icon21.png */ = {isa = PBXFileReference; lastKnownFileType = image.png; path = icon21.png; sourceTree = "<group>"; };
		8D6DC6782105964000179909 /* icon22.png */ = {isa = PBXFileReference; lastKnownFileType = image.png; path = icon22.png; sourceTree = "<group>"; };
		8D6DC6792105964000179909 /* icon23.png */ = {isa = PBXFileReference; lastKnownFileType = image.png; path = icon23.png; sourceTree = "<group>"; };
		8D6DC67A2105964000179909 /* icon24.png */ = {isa = PBXFileReference; lastKnownFileType = image.png; path = icon24.png; sourceTree = "<group>"; };
		8D6DC67B2105964000179909 /* icon25.png */ = {isa = PBXFileReference; lastKnownFileType = image.png; path = icon25.png; sourceTree = "<group>"; };
		8D6DC67C2105964000179909 /* icon26.png */ = {isa = PBXFileReference; lastKnownFileType = image.png; path = icon26.png; sourceTree = "<group>"; };
		8D6DC67D2105964000179909 /* icon27.png */ = {isa = PBXFileReference; lastKnownFileType = image.png; path = icon27.png; sourceTree = "<group>"; };
		8D6DC67E2105964000179909 /* icon3.png */ = {isa = PBXFileReference; lastKnownFileType = image.png; path = icon3.png; sourceTree = "<group>"; };
		8D6DC67F2105964000179909 /* icon4.png */ = {isa = PBXFileReference; lastKnownFileType = image.png; path = icon4.png; sourceTree = "<group>"; };
		8D6DC6802105964000179909 /* icon5.png */ = {isa = PBXFileReference; lastKnownFileType = image.png; path = icon5.png; sourceTree = "<group>"; };
		8D6DC6812105964000179909 /* icon6.png */ = {isa = PBXFileReference; lastKnownFileType = image.png; path = icon6.png; sourceTree = "<group>"; };
		8D6DC6822105964000179909 /* icon7.png */ = {isa = PBXFileReference; lastKnownFileType = image.png; path = icon7.png; sourceTree = "<group>"; };
		8D6DC6832105964000179909 /* icon8.png */ = {isa = PBXFileReference; lastKnownFileType = image.png; path = icon8.png; sourceTree = "<group>"; };
		8D6DC6842105964000179909 /* icon9.png */ = {isa = PBXFileReference; lastKnownFileType = image.png; path = icon9.png; sourceTree = "<group>"; };
		8D6DC6862105964000179909 /* icon28.png */ = {isa = PBXFileReference; lastKnownFileType = image.png; path = icon28.png; sourceTree = "<group>"; };
		8D6DC6872105964000179909 /* icon29.png */ = {isa = PBXFileReference; lastKnownFileType = image.png; path = icon29.png; sourceTree = "<group>"; };
		8D6DC6882105964000179909 /* icon30.png */ = {isa = PBXFileReference; lastKnownFileType = image.png; path = icon30.png; sourceTree = "<group>"; };
		8D6DC6892105964000179909 /* icon31.png */ = {isa = PBXFileReference; lastKnownFileType = image.png; path = icon31.png; sourceTree = "<group>"; };
		8D6DC68A2105964000179909 /* icon32.png */ = {isa = PBXFileReference; lastKnownFileType = image.png; path = icon32.png; sourceTree = "<group>"; };
		8D6DC68C2105964000179909 /* icon33.png */ = {isa = PBXFileReference; lastKnownFileType = image.png; path = icon33.png; sourceTree = "<group>"; };
		8D6DC68D2105964000179909 /* icon34.png */ = {isa = PBXFileReference; lastKnownFileType = image.png; path = icon34.png; sourceTree = "<group>"; };
		8D6DC68E2105964000179909 /* icon35.png */ = {isa = PBXFileReference; lastKnownFileType = image.png; path = icon35.png; sourceTree = "<group>"; };
		8D6DC68F2105964000179909 /* icon36.png */ = {isa = PBXFileReference; lastKnownFileType = image.png; path = icon36.png; sourceTree = "<group>"; };
		8D6DC6902105964000179909 /* icon37.png */ = {isa = PBXFileReference; lastKnownFileType = image.png; path = icon37.png; sourceTree = "<group>"; };
		8D6DC6912105964000179909 /* icon38.png */ = {isa = PBXFileReference; lastKnownFileType = image.png; path = icon38.png; sourceTree = "<group>"; };
		8D6DC6922105964000179909 /* icon39.png */ = {isa = PBXFileReference; lastKnownFileType = image.png; path = icon39.png; sourceTree = "<group>"; };
		8D6DC6932105964000179909 /* icon40.png */ = {isa = PBXFileReference; lastKnownFileType = image.png; path = icon40.png; sourceTree = "<group>"; };
		8D6DC6942105964000179909 /* icon41.png */ = {isa = PBXFileReference; lastKnownFileType = image.png; path = icon41.png; sourceTree = "<group>"; };
		8D6DC6952105964000179909 /* dott.png */ = {isa = PBXFileReference; lastKnownFileType = image.png; path = dott.png; sourceTree = "<group>"; };
		8D6DC6972105964000179909 /* icon42.png */ = {isa = PBXFileReference; lastKnownFileType = image.png; path = icon42.png; sourceTree = "<group>"; };
		8D6DC6982105964000179909 /* icon43.png */ = {isa = PBXFileReference; lastKnownFileType = image.png; path = icon43.png; sourceTree = "<group>"; };
		8D6DC6992105964000179909 /* icon44.png */ = {isa = PBXFileReference; lastKnownFileType = image.png; path = icon44.png; sourceTree = "<group>"; };
		8D6DC69A2105964000179909 /* icon45.png */ = {isa = PBXFileReference; lastKnownFileType = image.png; path = icon45.png; sourceTree = "<group>"; };
		8D6DC69B2105964000179909 /* icon46.png */ = {isa = PBXFileReference; lastKnownFileType = image.png; path = icon46.png; sourceTree = "<group>"; };
		8D6DC69C2105964000179909 /* icon47.png */ = {isa = PBXFileReference; lastKnownFileType = image.png; path = icon47.png; sourceTree = "<group>"; };
		8D6DC69D2105964000179909 /* icon48.png */ = {isa = PBXFileReference; lastKnownFileType = image.png; path = icon48.png; sourceTree = "<group>"; };
		8D6DC69E2105964000179909 /* icon49.png */ = {isa = PBXFileReference; lastKnownFileType = image.png; path = icon49.png; sourceTree = "<group>"; };
		8D6DC69F2105964000179909 /* icon50.png */ = {isa = PBXFileReference; lastKnownFileType = image.png; path = icon50.png; sourceTree = "<group>"; };
		8D6DC6A02105964000179909 /* icon51.png */ = {isa = PBXFileReference; lastKnownFileType = image.png; path = icon51.png; sourceTree = "<group>"; };
		8D6DC6A12105964000179909 /* icon52.png */ = {isa = PBXFileReference; lastKnownFileType = image.png; path = icon52.png; sourceTree = "<group>"; };
		8D6DC6A22105964000179909 /* icon53.png */ = {isa = PBXFileReference; lastKnownFileType = image.png; path = icon53.png; sourceTree = "<group>"; };
		8D6DC6A32105964000179909 /* icon54.png */ = {isa = PBXFileReference; lastKnownFileType = image.png; path = icon54.png; sourceTree = "<group>"; };
		8D6DC6A42105964000179909 /* icon55.png */ = {isa = PBXFileReference; lastKnownFileType = image.png; path = icon55.png; sourceTree = "<group>"; };
		8D6DC6A52105964000179909 /* icon56.png */ = {isa = PBXFileReference; lastKnownFileType = image.png; path = icon56.png; sourceTree = "<group>"; };
		8D6DC6A62105964000179909 /* icon57.png */ = {isa = PBXFileReference; lastKnownFileType = image.png; path = icon57.png; sourceTree = "<group>"; };
		8D6DC6A82105964000179909 /* icon58.png */ = {isa = PBXFileReference; lastKnownFileType = image.png; path = icon58.png; sourceTree = "<group>"; };
		8D6DC6A92105964000179909 /* icon59.png */ = {isa = PBXFileReference; lastKnownFileType = image.png; path = icon59.png; sourceTree = "<group>"; };
		8D6DC6AA2105964000179909 /* icon60.png */ = {isa = PBXFileReference; lastKnownFileType = image.png; path = icon60.png; sourceTree = "<group>"; };
		8D6DC6AB2105964000179909 /* icon61.png */ = {isa = PBXFileReference; lastKnownFileType = image.png; path = icon61.png; sourceTree = "<group>"; };
		8D6DC6AC2105964000179909 /* icon62.png */ = {isa = PBXFileReference; lastKnownFileType = image.png; path = icon62.png; sourceTree = "<group>"; };
		8D6DC6AD2105964000179909 /* icon63.png */ = {isa = PBXFileReference; lastKnownFileType = image.png; path = icon63.png; sourceTree = "<group>"; };
		8D6DC6AE2105964000179909 /* icon64.png */ = {isa = PBXFileReference; lastKnownFileType = image.png; path = icon64.png; sourceTree = "<group>"; };
		8D6DC6AF2105964000179909 /* icon65.png */ = {isa = PBXFileReference; lastKnownFileType = image.png; path = icon65.png; sourceTree = "<group>"; };
		8D6DC6B02105964000179909 /* icon66.png */ = {isa = PBXFileReference; lastKnownFileType = image.png; path = icon66.png; sourceTree = "<group>"; };
		8D6DC6B12105964000179909 /* icon67.png */ = {isa = PBXFileReference; lastKnownFileType = image.png; path = icon67.png; sourceTree = "<group>"; };
		8D6DC6B22105964000179909 /* icon68.png */ = {isa = PBXFileReference; lastKnownFileType = image.png; path = icon68.png; sourceTree = "<group>"; };
		8D6DC6B32105964000179909 /* icon69.png */ = {isa = PBXFileReference; lastKnownFileType = image.png; path = icon69.png; sourceTree = "<group>"; };
		8D6DC6B42105964000179909 /* icon70.png */ = {isa = PBXFileReference; lastKnownFileType = image.png; path = icon70.png; sourceTree = "<group>"; };
		8D6DC6B52105964000179909 /* icon71.png */ = {isa = PBXFileReference; lastKnownFileType = image.png; path = icon71.png; sourceTree = "<group>"; };
		8D6DC6B62105964000179909 /* icon72.png */ = {isa = PBXFileReference; lastKnownFileType = image.png; path = icon72.png; sourceTree = "<group>"; };
		8D6DC6B72105964000179909 /* icon73.png */ = {isa = PBXFileReference; lastKnownFileType = image.png; path = icon73.png; sourceTree = "<group>"; };
		8D6DC6B82105964000179909 /* icon74.png */ = {isa = PBXFileReference; lastKnownFileType = image.png; path = icon74.png; sourceTree = "<group>"; };
		8D6DC6B92105964000179909 /* icon75.png */ = {isa = PBXFileReference; lastKnownFileType = image.png; path = icon75.png; sourceTree = "<group>"; };
		8D6DC6BA2105964000179909 /* icon76.png */ = {isa = PBXFileReference; lastKnownFileType = image.png; path = icon76.png; sourceTree = "<group>"; };
		8D6DC6BB2105964000179909 /* icon77.png */ = {isa = PBXFileReference; lastKnownFileType = image.png; path = icon77.png; sourceTree = "<group>"; };
		8D6DC6BD2105964000179909 /* icon78.png */ = {isa = PBXFileReference; lastKnownFileType = image.png; path = icon78.png; sourceTree = "<group>"; };
		8D6DC6BE2105964000179909 /* icon79.png */ = {isa = PBXFileReference; lastKnownFileType = image.png; path = icon79.png; sourceTree = "<group>"; };
		8D6DC6BF2105964000179909 /* icon80.png */ = {isa = PBXFileReference; lastKnownFileType = image.png; path = icon80.png; sourceTree = "<group>"; };
		8D6DC6C02105964000179909 /* icon81.png */ = {isa = PBXFileReference; lastKnownFileType = image.png; path = icon81.png; sourceTree = "<group>"; };
		8D6DC6C12105964000179909 /* icon82.png */ = {isa = PBXFileReference; lastKnownFileType = image.png; path = icon82.png; sourceTree = "<group>"; };
		8D6DC6C22105964000179909 /* icon83.png */ = {isa = PBXFileReference; lastKnownFileType = image.png; path = icon83.png; sourceTree = "<group>"; };
		8D6DC6C32105964000179909 /* icon84.png */ = {isa = PBXFileReference; lastKnownFileType = image.png; path = icon84.png; sourceTree = "<group>"; };
		8D6DC6C42105964000179909 /* icon85.png */ = {isa = PBXFileReference; lastKnownFileType = image.png; path = icon85.png; sourceTree = "<group>"; };
		8D6DC6C52105964000179909 /* icon86.png */ = {isa = PBXFileReference; lastKnownFileType = image.png; path = icon86.png; sourceTree = "<group>"; };
		8D6DC6C62105964000179909 /* icon87.png */ = {isa = PBXFileReference; lastKnownFileType = image.png; path = icon87.png; sourceTree = "<group>"; };
/* End PBXFileReference section */

/* Begin PBXFrameworksBuildPhase section */
		8D4CF55D20FC50100049CC29 /* Frameworks */ = {
			isa = PBXFrameworksBuildPhase;
			buildActionMask = 2147483647;
			files = (
			);
			runOnlyForDeploymentPostprocessing = 0;
		};
		8D4CF57120FC50110049CC29 /* Frameworks */ = {
			isa = PBXFrameworksBuildPhase;
			buildActionMask = 2147483647;
			files = (
			);
			runOnlyForDeploymentPostprocessing = 0;
		};
		8D4CF57C20FC50110049CC29 /* Frameworks */ = {
			isa = PBXFrameworksBuildPhase;
			buildActionMask = 2147483647;
			files = (
			);
			runOnlyForDeploymentPostprocessing = 0;
		};
/* End PBXFrameworksBuildPhase section */

/* Begin PBXGroup section */
		8D4CF55720FC50100049CC29 = {
			isa = PBXGroup;
			children = (
				8D4CF56220FC50110049CC29 /* meaTurn */,
				8D4CF57720FC50110049CC29 /* meaTurnTests */,
				8D4CF58220FC50110049CC29 /* meaTurnUITests */,
				8D4CF56120FC50110049CC29 /* Products */,
			);
			sourceTree = "<group>";
		};
		8D4CF56120FC50110049CC29 /* Products */ = {
			isa = PBXGroup;
			children = (
				8D4CF56020FC50110049CC29 /* meaTurn.app */,
				8D4CF57420FC50110049CC29 /* meaTurnTests.xctest */,
				8D4CF57F20FC50110049CC29 /* meaTurnUITests.xctest */,
			);
			name = Products;
			sourceTree = "<group>";
		};
		8D4CF56220FC50110049CC29 /* meaTurn */ = {
			isa = PBXGroup;
			children = (
				8D4CF56320FC50110049CC29 /* AppDelegate.swift */,
				8D4CF56520FC50110049CC29 /* ViewController.swift */,
				8D4EB0DA20FE105F000FED23 /* Toast.swift */,
				8D4CF56720FC50110049CC29 /* Main.storyboard */,
				8D4CF56A20FC50110049CC29 /* Assets.xcassets */,
				8D4CF56C20FC50110049CC29 /* LaunchScreen.storyboard */,
				8D4CF56F20FC50110049CC29 /* Info.plist */,
				8D6DC6682105964000179909 /* Images */,
				8D4EAFAF20FDEB50000FED23 /* sound */,
			);
			path = meaTurn;
			sourceTree = "<group>";
		};
		8D4CF57720FC50110049CC29 /* meaTurnTests */ = {
			isa = PBXGroup;
			children = (
				8D4CF57820FC50110049CC29 /* meaTurnTests.swift */,
				8D4CF57A20FC50110049CC29 /* Info.plist */,
			);
			path = meaTurnTests;
			sourceTree = "<group>";
		};
		8D4CF58220FC50110049CC29 /* meaTurnUITests */ = {
			isa = PBXGroup;
			children = (
				8D4CF58320FC50110049CC29 /* meaTurnUITests.swift */,
				8D4CF58520FC50110049CC29 /* Info.plist */,
			);
			path = meaTurnUITests;
			sourceTree = "<group>";
		};
		8D4EAFAF20FDEB50000FED23 /* sound */ = {
			isa = PBXGroup;
			children = (
				8D4EAFB020FDEB50000FED23 /* click.mp3 */,
			);
			path = sound;
			sourceTree = "<group>";
		};
		8D6DC6682105964000179909 /* Images */ = {
			isa = PBXGroup;
			children = (
				8D6DC6692105964000179909 /* animal */,
				8D6DC6852105964000179909 /* bird */,
				8D6DC68B2105964000179909 /* breakfast */,
				8D6DC6952105964000179909 /* dott.png */,
				8D6DC6962105964000179909 /* education */,
				8D6DC6A72105964000179909 /* fruit */,
				8D6DC6BC2105964000179909 /* icecream */,
			);
			path = Images;
			sourceTree = "<group>";
		};
		8D6DC6692105964000179909 /* animal */ = {
			isa = PBXGroup;
			children = (
				8D6DC66A2105964000179909 /* icon1.png */,
				8D6DC66B2105964000179909 /* icon10.png */,
				8D6DC66C2105964000179909 /* icon11.png */,
				8D6DC66D2105964000179909 /* icon12.png */,
				8D6DC66E2105964000179909 /* icon13.png */,
				8D6DC66F2105964000179909 /* icon14.png */,
				8D6DC6702105964000179909 /* icon15.png */,
				8D6DC6712105964000179909 /* icon16.png */,
				8D6DC6722105964000179909 /* icon17.png */,
				8D6DC6732105964000179909 /* icon18.png */,
				8D6DC6742105964000179909 /* icon19.png */,
				8D6DC6752105964000179909 /* icon2.png */,
				8D6DC6762105964000179909 /* icon20.png */,
				8D6DC6772105964000179909 /* icon21.png */,
				8D6DC6782105964000179909 /* icon22.png */,
				8D6DC6792105964000179909 /* icon23.png */,
				8D6DC67A2105964000179909 /* icon24.png */,
				8D6DC67B2105964000179909 /* icon25.png */,
				8D6DC67C2105964000179909 /* icon26.png */,
				8D6DC67D2105964000179909 /* icon27.png */,
				8D6DC67E2105964000179909 /* icon3.png */,
				8D6DC67F2105964000179909 /* icon4.png */,
				8D6DC6802105964000179909 /* icon5.png */,
				8D6DC6812105964000179909 /* icon6.png */,
				8D6DC6822105964000179909 /* icon7.png */,
				8D6DC6832105964000179909 /* icon8.png */,
				8D6DC6842105964000179909 /* icon9.png */,
			);
			path = animal;
			sourceTree = "<group>";
		};
		8D6DC6852105964000179909 /* bird */ = {
			isa = PBXGroup;
			children = (
				8D6DC6862105964000179909 /* icon28.png */,
				8D6DC6872105964000179909 /* icon29.png */,
				8D6DC6882105964000179909 /* icon30.png */,
				8D6DC6892105964000179909 /* icon31.png */,
				8D6DC68A2105964000179909 /* icon32.png */,
			);
			path = bird;
			sourceTree = "<group>";
		};
		8D6DC68B2105964000179909 /* breakfast */ = {
			isa = PBXGroup;
			children = (
				8D6DC68C2105964000179909 /* icon33.png */,
				8D6DC68D2105964000179909 /* icon34.png */,
				8D6DC68E2105964000179909 /* icon35.png */,
				8D6DC68F2105964000179909 /* icon36.png */,
				8D6DC6902105964000179909 /* icon37.png */,
				8D6DC6912105964000179909 /* icon38.png */,
				8D6DC6922105964000179909 /* icon39.png */,
				8D6DC6932105964000179909 /* icon40.png */,
				8D6DC6942105964000179909 /* icon41.png */,
			);
			path = breakfast;
			sourceTree = "<group>";
		};
		8D6DC6962105964000179909 /* education */ = {
			isa = PBXGroup;
			children = (
				8D6DC6972105964000179909 /* icon42.png */,
				8D6DC6982105964000179909 /* icon43.png */,
				8D6DC6992105964000179909 /* icon44.png */,
				8D6DC69A2105964000179909 /* icon45.png */,
				8D6DC69B2105964000179909 /* icon46.png */,
				8D6DC69C2105964000179909 /* icon47.png */,
				8D6DC69D2105964000179909 /* icon48.png */,
				8D6DC69E2105964000179909 /* icon49.png */,
				8D6DC69F2105964000179909 /* icon50.png */,
				8D6DC6A02105964000179909 /* icon51.png */,
				8D6DC6A12105964000179909 /* icon52.png */,
				8D6DC6A22105964000179909 /* icon53.png */,
				8D6DC6A32105964000179909 /* icon54.png */,
				8D6DC6A42105964000179909 /* icon55.png */,
				8D6DC6A52105964000179909 /* icon56.png */,
				8D6DC6A62105964000179909 /* icon57.png */,
			);
			path = education;
			sourceTree = "<group>";
		};
		8D6DC6A72105964000179909 /* fruit */ = {
			isa = PBXGroup;
			children = (
				8D6DC6A82105964000179909 /* icon58.png */,
				8D6DC6A92105964000179909 /* icon59.png */,
				8D6DC6AA2105964000179909 /* icon60.png */,
				8D6DC6AB2105964000179909 /* icon61.png */,
				8D6DC6AC2105964000179909 /* icon62.png */,
				8D6DC6AD2105964000179909 /* icon63.png */,
				8D6DC6AE2105964000179909 /* icon64.png */,
				8D6DC6AF2105964000179909 /* icon65.png */,
				8D6DC6B02105964000179909 /* icon66.png */,
				8D6DC6B12105964000179909 /* icon67.png */,
				8D6DC6B22105964000179909 /* icon68.png */,
				8D6DC6B32105964000179909 /* icon69.png */,
				8D6DC6B42105964000179909 /* icon70.png */,
				8D6DC6B52105964000179909 /* icon71.png */,
				8D6DC6B62105964000179909 /* icon72.png */,
				8D6DC6B72105964000179909 /* icon73.png */,
				8D6DC6B82105964000179909 /* icon74.png */,
				8D6DC6B92105964000179909 /* icon75.png */,
				8D6DC6BA2105964000179909 /* icon76.png */,
				8D6DC6BB2105964000179909 /* icon77.png */,
			);
			path = fruit;
			sourceTree = "<group>";
		};
		8D6DC6BC2105964000179909 /* icecream */ = {
			isa = PBXGroup;
			children = (
				8D6DC6BD2105964000179909 /* icon78.png */,
				8D6DC6BE2105964000179909 /* icon79.png */,
				8D6DC6BF2105964000179909 /* icon80.png */,
				8D6DC6C02105964000179909 /* icon81.png */,
				8D6DC6C12105964000179909 /* icon82.png */,
				8D6DC6C22105964000179909 /* icon83.png */,
				8D6DC6C32105964000179909 /* icon84.png */,
				8D6DC6C42105964000179909 /* icon85.png */,
				8D6DC6C52105964000179909 /* icon86.png */,
				8D6DC6C62105964000179909 /* icon87.png */,
			);
			path = icecream;
			sourceTree = "<group>";
		};
/* End PBXGroup section */

/* Begin PBXNativeTarget section */
		8D4CF55F20FC50100049CC29 /* meaTurn */ = {
			isa = PBXNativeTarget;
			buildConfigurationList = 8D4CF58820FC50110049CC29 /* Build configuration list for PBXNativeTarget "meaTurn" */;
			buildPhases = (
				8D4CF55C20FC50100049CC29 /* Sources */,
				8D4CF55D20FC50100049CC29 /* Frameworks */,
				8D4CF55E20FC50100049CC29 /* Resources */,
			);
			buildRules = (
			);
			dependencies = (
			);
			name = meaTurn;
			productName = meaTurn;
			productReference = 8D4CF56020FC50110049CC29 /* meaTurn.app */;
			productType = "com.apple.product-type.application";
		};
		8D4CF57320FC50110049CC29 /* meaTurnTests */ = {
			isa = PBXNativeTarget;
			buildConfigurationList = 8D4CF58B20FC50110049CC29 /* Build configuration list for PBXNativeTarget "meaTurnTests" */;
			buildPhases = (
				8D4CF57020FC50110049CC29 /* Sources */,
				8D4CF57120FC50110049CC29 /* Frameworks */,
				8D4CF57220FC50110049CC29 /* Resources */,
			);
			buildRules = (
			);
			dependencies = (
				8D4CF57620FC50110049CC29 /* PBXTargetDependency */,
			);
			name = meaTurnTests;
			productName = meaTurnTests;
			productReference = 8D4CF57420FC50110049CC29 /* meaTurnTests.xctest */;
			productType = "com.apple.product-type.bundle.unit-test";
		};
		8D4CF57E20FC50110049CC29 /* meaTurnUITests */ = {
			isa = PBXNativeTarget;
			buildConfigurationList = 8D4CF58E20FC50110049CC29 /* Build configuration list for PBXNativeTarget "meaTurnUITests" */;
			buildPhases = (
				8D4CF57B20FC50110049CC29 /* Sources */,
				8D4CF57C20FC50110049CC29 /* Frameworks */,
				8D4CF57D20FC50110049CC29 /* Resources */,
			);
			buildRules = (
			);
			dependencies = (
				8D4CF58120FC50110049CC29 /* PBXTargetDependency */,
			);
			name = meaTurnUITests;
			productName = meaTurnUITests;
			productReference = 8D4CF57F20FC50110049CC29 /* meaTurnUITests.xctest */;
			productType = "com.apple.product-type.bundle.ui-testing";
		};
/* End PBXNativeTarget section */

/* Begin PBXProject section */
		8D4CF55820FC50100049CC29 /* Project object */ = {
			isa = PBXProject;
			attributes = {
				LastSwiftUpdateCheck = 0820;
				LastUpgradeCheck = 0820;
				ORGANIZATIONNAME = Xorgeek;
				TargetAttributes = {
					8D4CF55F20FC50100049CC29 = {
						CreatedOnToolsVersion = 8.2.1;
						DevelopmentTeam = 3YRPP5KTT5;
						ProvisioningStyle = Manual;
					};
					8D4CF57320FC50110049CC29 = {
						CreatedOnToolsVersion = 8.2.1;
						ProvisioningStyle = Automatic;
						TestTargetID = 8D4CF55F20FC50100049CC29;
					};
					8D4CF57E20FC50110049CC29 = {
						CreatedOnToolsVersion = 8.2.1;
						ProvisioningStyle = Automatic;
						TestTargetID = 8D4CF55F20FC50100049CC29;
					};
				};
			};
			buildConfigurationList = 8D4CF55B20FC50100049CC29 /* Build configuration list for PBXProject "meaTurn" */;
			compatibilityVersion = "Xcode 3.2";
			developmentRegion = English;
			hasScannedForEncodings = 0;
			knownRegions = (
				en,
				Base,
			);
			mainGroup = 8D4CF55720FC50100049CC29;
			productRefGroup = 8D4CF56120FC50110049CC29 /* Products */;
			projectDirPath = "";
			projectRoot = "";
			targets = (
				8D4CF55F20FC50100049CC29 /* meaTurn */,
				8D4CF57320FC50110049CC29 /* meaTurnTests */,
				8D4CF57E20FC50110049CC29 /* meaTurnUITests */,
			);
		};
/* End PBXProject section */

/* Begin PBXResourcesBuildPhase section */
		8D4CF55E20FC50100049CC29 /* Resources */ = {
			isa = PBXResourcesBuildPhase;
			buildActionMask = 2147483647;
			files = (
				8D4EAFB120FDEB50000FED23 /* click.mp3 in Resources */,
				8D6DC6FD2105964000179909 /* icon54.png in Resources */,
				8D6DC6DF2105964000179909 /* icon7.png in Resources */,
				8D6DC6DC2105964000179909 /* icon4.png in Resources */,
				8D6DC6CF2105964000179909 /* icon17.png in Resources */,
				8D6DC6CE2105964000179909 /* icon16.png in Resources */,
				8D6DC6CA2105964000179909 /* icon12.png in Resources */,
				8D6DC6E12105964000179909 /* icon9.png in Resources */,
				8D6DC6E62105964000179909 /* icon32.png in Resources */,
				8D6DC6D12105964000179909 /* icon19.png in Resources */,
				8D6DC7162105964000179909 /* icon79.png in Resources */,
				8D6DC7132105964000179909 /* icon76.png in Resources */,
				8D6DC70F2105964000179909 /* icon72.png in Resources */,
				8D6DC6EF2105964000179909 /* icon41.png in Resources */,
				8D6DC6E82105964000179909 /* icon34.png in Resources */,
				8D6DC6FF2105964000179909 /* icon56.png in Resources */,
				8D6DC6E92105964000179909 /* icon35.png in Resources */,
				8D6DC7072105964000179909 /* icon64.png in Resources */,
				8D6DC7102105964000179909 /* icon73.png in Resources */,
				8D6DC6F12105964000179909 /* icon42.png in Resources */,
				8D6DC6F22105964000179909 /* icon43.png in Resources */,
				8D6DC6ED2105964000179909 /* icon39.png in Resources */,
				8D6DC6FB2105964000179909 /* icon52.png in Resources */,
				8D6DC7082105964000179909 /* icon65.png in Resources */,
				8D6DC6D52105964000179909 /* icon22.png in Resources */,
				8D6DC6F32105964000179909 /* icon44.png in Resources */,
				8D6DC7022105964000179909 /* icon59.png in Resources */,
				8D6DC7052105964000179909 /* icon62.png in Resources */,
				8D6DC6DE2105964000179909 /* icon6.png in Resources */,
				8D6DC71E2105964000179909 /* icon87.png in Resources */,
				8D6DC71D2105964000179909 /* icon86.png in Resources */,
				8D6DC7062105964000179909 /* icon63.png in Resources */,
				8D6DC6EE2105964000179909 /* icon40.png in Resources */,
				8D6DC6C82105964000179909 /* icon10.png in Resources */,
				8D6DC6DA2105964000179909 /* icon27.png in Resources */,
				8D6DC6D82105964000179909 /* icon25.png in Resources */,
				8D6DC6FE2105964000179909 /* icon55.png in Resources */,
				8D6DC7142105964000179909 /* icon77.png in Resources */,
				8D4CF56E20FC50110049CC29 /* LaunchScreen.storyboard in Resources */,
				8D6DC7122105964000179909 /* icon75.png in Resources */,
				8D6DC71B2105964000179909 /* icon84.png in Resources */,
				8D6DC71C2105964000179909 /* icon85.png in Resources */,
				8D6DC6D22105964000179909 /* icon2.png in Resources */,
				8D6DC7032105964000179909 /* icon60.png in Resources */,
				8D6DC70E2105964000179909 /* icon71.png in Resources */,
				8D4CF56B20FC50110049CC29 /* Assets.xcassets in Resources */,
				8D6DC70A2105964000179909 /* icon67.png in Resources */,
				8D6DC7092105964000179909 /* icon66.png in Resources */,
				8D6DC6E22105964000179909 /* icon28.png in Resources */,
				8D6DC6E42105964000179909 /* icon30.png in Resources */,
				8D6DC6FC2105964000179909 /* icon53.png in Resources */,
				8D6DC6CD2105964000179909 /* icon15.png in Resources */,
				8D6DC7042105964000179909 /* icon61.png in Resources */,
				8D6DC6FA2105964000179909 /* icon51.png in Resources */,
				8D6DC6F52105964000179909 /* icon46.png in Resources */,
				8D6DC6F62105964000179909 /* icon47.png in Resources */,
				8D6DC6D32105964000179909 /* icon20.png in Resources */,
				8D6DC6F82105964000179909 /* icon49.png in Resources */,
				8D6DC7002105964000179909 /* icon57.png in Resources */,
				8D6DC6DB2105964000179909 /* icon3.png in Resources */,
				8D6DC70D2105964000179909 /* icon70.png in Resources */,
				8D6DC6E32105964000179909 /* icon29.png in Resources */,
				8D6DC6F02105964000179909 /* dott.png in Resources */,
				8D6DC7182105964000179909 /* icon81.png in Resources */,
				8D6DC7012105964000179909 /* icon58.png in Resources */,
				8D6DC6C72105964000179909 /* icon1.png in Resources */,
				8D6DC7152105964000179909 /* icon78.png in Resources */,
				8D6DC6DD2105964000179909 /* icon5.png in Resources */,
				8D6DC7112105964000179909 /* icon74.png in Resources */,
				8D6DC6E52105964000179909 /* icon31.png in Resources */,
				8D4CF56920FC50110049CC29 /* Main.storyboard in Resources */,
				8D6DC6D42105964000179909 /* icon21.png in Resources */,
				8D6DC6CB2105964000179909 /* icon13.png in Resources */,
				8D6DC7192105964000179909 /* icon82.png in Resources */,
				8D6DC6EC2105964000179909 /* icon38.png in Resources */,
				8D6DC7172105964000179909 /* icon80.png in Resources */,
				8D6DC6C92105964000179909 /* icon11.png in Resources */,
				8D6DC71A2105964000179909 /* icon83.png in Resources */,
				8D6DC6CC2105964000179909 /* icon14.png in Resources */,
				8D6DC6D02105964000179909 /* icon18.png in Resources */,
				8D6DC6EB2105964000179909 /* icon37.png in Resources */,
				8D6DC6D92105964000179909 /* icon26.png in Resources */,
				8D6DC6D72105964000179909 /* icon24.png in Resources */,
				8D6DC6E72105964000179909 /* icon33.png in Resources */,
				8D6DC70B2105964000179909 /* icon68.png in Resources */,
				8D6DC6F92105964000179909 /* icon50.png in Resources */,
				8D6DC6D62105964000179909 /* icon23.png in Resources */,
				8D6DC6E02105964000179909 /* icon8.png in Resources */,
				8D6DC6EA2105964000179909 /* icon36.png in Resources */,
				8D6DC70C2105964000179909 /* icon69.png in Resources */,
				8D6DC6F42105964000179909 /* icon45.png in Resources */,
				8D6DC6F72105964000179909 /* icon48.png in Resources */,
			);
			runOnlyForDeploymentPostprocessing = 0;
		};
		8D4CF57220FC50110049CC29 /* Resources */ = {
			isa = PBXResourcesBuildPhase;
			buildActionMask = 2147483647;
			files = (
			);
			runOnlyForDeploymentPostprocessing = 0;
		};
		8D4CF57D20FC50110049CC29 /* Resources */ = {
			isa = PBXResourcesBuildPhase;
			buildActionMask = 2147483647;
			files = (
			);
			runOnlyForDeploymentPostprocessing = 0;
		};
/* End PBXResourcesBuildPhase section */

/* Begin PBXSourcesBuildPhase section */
		8D4CF55C20FC50100049CC29 /* Sources */ = {
			isa = PBXSourcesBuildPhase;
			buildActionMask = 2147483647;
			files = (
				8D4CF56620FC50110049CC29 /* ViewController.swift in Sources */,
				8D4EB0DB20FE105F000FED23 /* Toast.swift in Sources */,
				8D4CF56420FC50110049CC29 /* AppDelegate.swift in Sources */,
			);
			runOnlyForDeploymentPostprocessing = 0;
		};
		8D4CF57020FC50110049CC29 /* Sources */ = {
			isa = PBXSourcesBuildPhase;
			buildActionMask = 2147483647;
			files = (
				8D4CF57920FC50110049CC29 /* meaTurnTests.swift in Sources */,
			);
			runOnlyForDeploymentPostprocessing = 0;
		};
		8D4CF57B20FC50110049CC29 /* Sources */ = {
			isa = PBXSourcesBuildPhase;
			buildActionMask = 2147483647;
			files = (
				8D4CF58420FC50110049CC29 /* meaTurnUITests.swift in Sources */,
			);
			runOnlyForDeploymentPostprocessing = 0;
		};
/* End PBXSourcesBuildPhase section */

/* Begin PBXTargetDependency section */
		8D4CF57620FC50110049CC29 /* PBXTargetDependency */ = {
			isa = PBXTargetDependency;
			target = 8D4CF55F20FC50100049CC29 /* meaTurn */;
			targetProxy = 8D4CF57520FC50110049CC29 /* PBXContainerItemProxy */;
		};
		8D4CF58120FC50110049CC29 /* PBXTargetDependency */ = {
			isa = PBXTargetDependency;
			target = 8D4CF55F20FC50100049CC29 /* meaTurn */;
			targetProxy = 8D4CF58020FC50110049CC29 /* PBXContainerItemProxy */;
		};
/* End PBXTargetDependency section */

/* Begin PBXVariantGroup section */
		8D4CF56720FC50110049CC29 /* Main.storyboard */ = {
			isa = PBXVariantGroup;
			children = (
				8D4CF56820FC50110049CC29 /* Base */,
			);
			name = Main.storyboard;
			sourceTree = "<group>";
		};
		8D4CF56C20FC50110049CC29 /* LaunchScreen.storyboard */ = {
			isa = PBXVariantGroup;
			children = (
				8D4CF56D20FC50110049CC29 /* Base */,
			);
			name = LaunchScreen.storyboard;
			sourceTree = "<group>";
		};
/* End PBXVariantGroup section */

/* Begin XCBuildConfiguration section */
		8D4CF58620FC50110049CC29 /* Debug */ = {
			isa = XCBuildConfiguration;
			buildSettings = {
				ALWAYS_SEARCH_USER_PATHS = NO;
				CLANG_ANALYZER_NONNULL = YES;
				CLANG_CXX_LANGUAGE_STANDARD = "gnu++0x";
				CLANG_CXX_LIBRARY = "libc++";
				CLANG_ENABLE_MODULES = YES;
				CLANG_ENABLE_OBJC_ARC = YES;
				CLANG_WARN_BOOL_CONVERSION = YES;
				CLANG_WARN_CONSTANT_CONVERSION = YES;
				CLANG_WARN_DIRECT_OBJC_ISA_USAGE = YES_ERROR;
				CLANG_WARN_DOCUMENTATION_COMMENTS = YES;
				CLANG_WARN_EMPTY_BODY = YES;
				CLANG_WARN_ENUM_CONVERSION = YES;
				CLANG_WARN_INFINITE_RECURSION = YES;
				CLANG_WARN_INT_CONVERSION = YES;
				CLANG_WARN_OBJC_ROOT_CLASS = YES_ERROR;
				CLANG_WARN_SUSPICIOUS_MOVE = YES;
				CLANG_WARN_UNREACHABLE_CODE = YES;
				CLANG_WARN__DUPLICATE_METHOD_MATCH = YES;
				"CODE_SIGN_IDENTITY[sdk=iphoneos*]" = "iPhone Developer";
				COPY_PHASE_STRIP = NO;
				DEBUG_INFORMATION_FORMAT = dwarf;
				ENABLE_STRICT_OBJC_MSGSEND = YES;
				ENABLE_TESTABILITY = YES;
				GCC_C_LANGUAGE_STANDARD = gnu99;
				GCC_DYNAMIC_NO_PIC = NO;
				GCC_NO_COMMON_BLOCKS = YES;
				GCC_OPTIMIZATION_LEVEL = 0;
				GCC_PREPROCESSOR_DEFINITIONS = (
					"DEBUG=1",
					"$(inherited)",
				);
				GCC_WARN_64_TO_32_BIT_CONVERSION = YES;
				GCC_WARN_ABOUT_RETURN_TYPE = YES_ERROR;
				GCC_WARN_UNDECLARED_SELECTOR = YES;
				GCC_WARN_UNINITIALIZED_AUTOS = YES_AGGRESSIVE;
				GCC_WARN_UNUSED_FUNCTION = YES;
				GCC_WARN_UNUSED_VARIABLE = YES;
				IPHONEOS_DEPLOYMENT_TARGET = 10.0;
				MTL_ENABLE_DEBUG_INFO = YES;
				ONLY_ACTIVE_ARCH = YES;
				SDKROOT = iphoneos;
				SWIFT_ACTIVE_COMPILATION_CONDITIONS = DEBUG;
				SWIFT_OPTIMIZATION_LEVEL = "-Onone";
			};
			name = Debug;
		};
		8D4CF58720FC50110049CC29 /* Release */ = {
			isa = XCBuildConfiguration;
			buildSettings = {
				ALWAYS_SEARCH_USER_PATHS = NO;
				CLANG_ANALYZER_NONNULL = YES;
				CLANG_CXX_LANGUAGE_STANDARD = "gnu++0x";
				CLANG_CXX_LIBRARY = "libc++";
				CLANG_ENABLE_MODULES = YES;
				CLANG_ENABLE_OBJC_ARC = YES;
				CLANG_WARN_BOOL_CONVERSION = YES;
				CLANG_WARN_CONSTANT_CONVERSION = YES;
				CLANG_WARN_DIRECT_OBJC_ISA_USAGE = YES_ERROR;
				CLANG_WARN_DOCUMENTATION_COMMENTS = YES;
				CLANG_WARN_EMPTY_BODY = YES;
				CLANG_WARN_ENUM_CONVERSION = YES;
				CLANG_WARN_INFINITE_RECURSION = YES;
				CLANG_WARN_INT_CONVERSION = YES;
				CLANG_WARN_OBJC_ROOT_CLASS = YES_ERROR;
				CLANG_WARN_SUSPICIOUS_MOVE = YES;
				CLANG_WARN_UNREACHABLE_CODE = YES;
				CLANG_WARN__DUPLICATE_METHOD_MATCH = YES;
				"CODE_SIGN_IDENTITY[sdk=iphoneos*]" = "iPhone Developer";
				COPY_PHASE_STRIP = NO;
				DEBUG_INFORMATION_FORMAT = "dwarf-with-dsym";
				ENABLE_NS_ASSERTIONS = NO;
				ENABLE_STRICT_OBJC_MSGSEND = YES;
				GCC_C_LANGUAGE_STANDARD = gnu99;
				GCC_NO_COMMON_BLOCKS = YES;
				GCC_WARN_64_TO_32_BIT_CONVERSION = YES;
				GCC_WARN_ABOUT_RETURN_TYPE = YES_ERROR;
				GCC_WARN_UNDECLARED_SELECTOR = YES;
				GCC_WARN_UNINITIALIZED_AUTOS = YES_AGGRESSIVE;
				GCC_WARN_UNUSED_FUNCTION = YES;
				GCC_WARN_UNUSED_VARIABLE = YES;
				IPHONEOS_DEPLOYMENT_TARGET = 10.0;
				MTL_ENABLE_DEBUG_INFO = NO;
				SDKROOT = iphoneos;
				SWIFT_OPTIMIZATION_LEVEL = "-Owholemodule";
				VALIDATE_PRODUCT = YES;
			};
			name = Release;
		};
		8D4CF58920FC50110049CC29 /* Debug */ = {
			isa = XCBuildConfiguration;
			buildSettings = {
				ASSETCATALOG_COMPILER_APPICON_NAME = AppIcon;
				CODE_SIGN_IDENTITY = "iPhone Distribution";
				"CODE_SIGN_IDENTITY[sdk=iphoneos*]" = "iPhone Developer";
				CODE_SIGN_STYLE = Manual;
				DEVELOPMENT_TEAM = 3YRPP5KTT5;
				INFOPLIST_FILE = meaTurn/Info.plist;
				IPHONEOS_DEPLOYMENT_TARGET = 10.0;
				LD_RUNPATH_SEARCH_PATHS = "$(inherited) @executable_path/Frameworks";
				PRODUCT_BUNDLE_IDENTIFIER = "efusion.jp.support-app-reviewer";
				PRODUCT_NAME = "$(TARGET_NAME)";
				PROVISIONING_PROFILE = "dbd55e7f-dc31-4c94-a102-b160dcf39159";
				PROVISIONING_PROFILE_SPECIFIER = "support App Reviewer Dev";
				SWIFT_VERSION = 3.0;
				TARGETED_DEVICE_FAMILY = 2;
			};
			name = Debug;
		};
		8D4CF58A20FC50110049CC29 /* Release */ = {
			isa = XCBuildConfiguration;
			buildSettings = {
				ASSETCATALOG_COMPILER_APPICON_NAME = AppIcon;
				CODE_SIGN_IDENTITY = "iPhone Developer";
				"CODE_SIGN_IDENTITY[sdk=iphoneos*]" = "iPhone Distribution";
				CODE_SIGN_STYLE = Manual;
				DEVELOPMENT_TEAM = 3YRPP5KTT5;
				INFOPLIST_FILE = meaTurn/Info.plist;
				IPHONEOS_DEPLOYMENT_TARGET = 10.0;
				LD_RUNPATH_SEARCH_PATHS = "$(inherited) @executable_path/Frameworks";
				PRODUCT_BUNDLE_IDENTIFIER = "efusion.jp.support-app-reviewer";
				PRODUCT_NAME = "$(TARGET_NAME)";
				PROVISIONING_PROFILE = "4099b7ee-ab7c-4162-bbca-acd6c09ad083";
				PROVISIONING_PROFILE_SPECIFIER = "Support App Reviewer Adhoc";
				SWIFT_VERSION = 3.0;
				TARGETED_DEVICE_FAMILY = 2;
			};
			name = Release;
		};
		8D4CF58C20FC50110049CC29 /* Debug */ = {
			isa = XCBuildConfiguration;
			buildSettings = {
				ALWAYS_EMBED_SWIFT_STANDARD_LIBRARIES = YES;
				BUNDLE_LOADER = "$(TEST_HOST)";
				INFOPLIST_FILE = meaTurnTests/Info.plist;
				LD_RUNPATH_SEARCH_PATHS = "$(inherited) @executable_path/Frameworks @loader_path/Frameworks";
				PRODUCT_BUNDLE_IDENTIFIER = Xor.meaTurnTests;
				PRODUCT_NAME = "$(TARGET_NAME)";
				SWIFT_VERSION = 3.0;
				TEST_HOST = "$(BUILT_PRODUCTS_DIR)/meaTurn.app/meaTurn";
			};
			name = Debug;
		};
		8D4CF58D20FC50110049CC29 /* Release */ = {
			isa = XCBuildConfiguration;
			buildSettings = {
				ALWAYS_EMBED_SWIFT_STANDARD_LIBRARIES = YES;
				BUNDLE_LOADER = "$(TEST_HOST)";
				INFOPLIST_FILE = meaTurnTests/Info.plist;
				LD_RUNPATH_SEARCH_PATHS = "$(inherited) @executable_path/Frameworks @loader_path/Frameworks";
				PRODUCT_BUNDLE_IDENTIFIER = Xor.meaTurnTests;
				PRODUCT_NAME = "$(TARGET_NAME)";
				SWIFT_VERSION = 3.0;
				TEST_HOST = "$(BUILT_PRODUCTS_DIR)/meaTurn.app/meaTurn";
			};
			name = Release;
		};
		8D4CF58F20FC50110049CC29 /* Debug */ = {
			isa = XCBuildConfiguration;
			buildSettings = {
				ALWAYS_EMBED_SWIFT_STANDARD_LIBRARIES = YES;
				INFOPLIST_FILE = meaTurnUITests/Info.plist;
				LD_RUNPATH_SEARCH_PATHS = "$(inherited) @executable_path/Frameworks @loader_path/Frameworks";
				PRODUCT_BUNDLE_IDENTIFIER = Xor.meaTurnUITests;
				PRODUCT_NAME = "$(TARGET_NAME)";
				SWIFT_VERSION = 3.0;
				TEST_TARGET_NAME = meaTurn;
			};
			name = Debug;
		};
		8D4CF59020FC50110049CC29 /* Release */ = {
			isa = XCBuildConfiguration;
			buildSettings = {
				ALWAYS_EMBED_SWIFT_STANDARD_LIBRARIES = YES;
				INFOPLIST_FILE = meaTurnUITests/Info.plist;
				LD_RUNPATH_SEARCH_PATHS = "$(inherited) @executable_path/Frameworks @loader_path/Frameworks";
				PRODUCT_BUNDLE_IDENTIFIER = Xor.meaTurnUITests;
				PRODUCT_NAME = "$(TARGET_NAME)";
				SWIFT_VERSION = 3.0;
				TEST_TARGET_NAME = meaTurn;
			};
			name = Release;
		};
/* End XCBuildConfiguration section */

/* Begin XCConfigurationList section */
		8D4CF55B20FC50100049CC29 /* Build configuration list for PBXProject "meaTurn" */ = {
			isa = XCConfigurationList;
			buildConfigurations = (
				8D4CF58620FC50110049CC29 /* Debug */,
				8D4CF58720FC50110049CC29 /* Release */,
			);
			defaultConfigurationIsVisible = 0;
			defaultConfigurationName = Release;
		};
		8D4CF58820FC50110049CC29 /* Build configuration list for PBXNativeTarget "meaTurn" */ = {
			isa = XCConfigurationList;
			buildConfigurations = (
				8D4CF58920FC50110049CC29 /* Debug */,
				8D4CF58A20FC50110049CC29 /* Release */,
			);
			defaultConfigurationIsVisible = 0;
			defaultConfigurationName = Release;
		};
		8D4CF58B20FC50110049CC29 /* Build configuration list for PBXNativeTarget "meaTurnTests" */ = {
			isa = XCConfigurationList;
			buildConfigurations = (
				8D4CF58C20FC50110049CC29 /* Debug */,
				8D4CF58D20FC50110049CC29 /* Release */,
			);
			defaultConfigurationIsVisible = 0;
			defaultConfigurationName = Release;
		};
		8D4CF58E20FC50110049CC29 /* Build configuration list for PBXNativeTarget "meaTurnUITests" */ = {
			isa = XCConfigurationList;
			buildConfigurations = (
				8D4CF58F20FC50110049CC29 /* Debug */,
				8D4CF59020FC50110049CC29 /* Release */,
			);
			defaultConfigurationIsVisible = 0;
			defaultConfigurationName = Release;
		};
/* End XCConfigurationList section */
	};
	rootObject = 8D4CF55820FC50100049CC29 /* Project object */;
}
